# @generated - this file is auto-generated by `mise lock` https://mise.jdx.dev/dev-tools/mise-lock.html

[[tools.node]]
version = "24.19.0"
backend = "core:node"

[tools.node."platforms.linux-x64"]
checksum = "sha256:f625d97cd707df4ff96254916fbc5ff014f09c09effe5a1e0ca8f6d41a8789d4"
url = "https://nodejs.org/dist/v24.19.0/node-v24.19.0-linux-x64.tar.gz"

[tools.node."platforms.macos-arm64"]
checksum = "sha256:8294b7aa9b03997481c06babf1e8b270c859358f27da57a11509afe537ac381d"
url = "https://nodejs.org/dist/v24.19.0/node-v24.19.0-darwin-arm64.tar.gz"

[[tools.pandoc]]
version = "3.10"
backend = "github:jgm/pandoc"

[tools.pandoc."platforms.linux-x64"]
checksum = "sha256:e0f8af62d0f267d22baa5bcefe6d5dda3a097ccc60de794b759fe03159923244"
url = "https://github.com/jgm/pandoc/releases/download/3.10/pandoc-3.10-linux-amd64.tar.gz"
url_api = "https://api.github.com/repos/jgm/pandoc/releases/assets/438406829"
provenance = "github-attestations"

[tools.pandoc."platforms.macos-arm64"]
checksum = "sha256:d9cad01d96ae774a0dc8c8c45bb1ad3e4c5ff2cc2e24f45958f5f9b7974aee34"
url = "https://github.com/jgm/pandoc/releases/download/3.10/pandoc-3.10-arm64-macOS.zip"
url_api = "https://api.github.com/repos/jgm/pandoc/releases/assets/438404702"
provenance = "github-attestations"
provenance_verified = true

[[tools.python]]
version = "3.13.15"
backend = "core:python"

[tools.python."platforms.linux-x64"]
checksum = "sha256:aaca2af2ab4d7b68a712660d1334c0cfd5ec13c0312ccd30c29122d8d0342320"
url = "https://github.com/astral-sh/python-build-standalone/releases/download/20260814/cpython-3.13.15+20260814-x86_64-unknown-linux-gnu-install_only_stripped.tar.gz"
provenance = "github-attestations"

[tools.python."platforms.macos-arm64"]
checksum = "sha256:6d472fc49a4d95e58214a992c4c92aa73fe2a935837a01a9a36bab0bec6d72f3"
url = "https://github.com/astral-sh/python-build-standalone/releases/download/20260814/cpython-3.13.15+20260814-aarch64-apple-darwin-install_only_stripped.tar.gz"
provenance = "github-attestations"

[[tools.typst]]
version = "0.15.1"
backend = "aqua:typst/typst"

[tools.typst."platforms.linux-x64"]
checksum = "sha256:a6d077d0a95eed5a2eba715b2dae06be954f624ccbf85758a03f389ded33118c"
url = "https://github.com/typst/typst/releases/download/v0.15.1/typst-x86_64-unknown-linux-musl.tar.xz"
url_api = "https://api.github.com/repos/typst/typst/releases/assets/480300761"

[tools.typst."platforms.macos-arm64"]
checksum = "sha256:48f62ed034aa3a7978309579ac6ca00045e2ef0da73114e8af27cfd8e74dc05a"
url = "https://github.com/typst/typst/releases/download/v0.15.1/typst-aarch64-apple-darwin.tar.xz"
url_api = "https://api.github.com/repos/typst/typst/releases/assets/480299147"

[[tools.uv]]
version = "0.11.33"
backend = "aqua:astral-sh/uv"

[tools.uv."platforms.linux-x64"]
checksum = "sha256:3e95b84d8a8b3390c91584d4fd0c4d326e951da2b8fb15a76719368af2795424"
url = "https://github.com/astral-sh/uv/releases/download/0.11.33/uv-x86_64-unknown-linux-musl.tar.gz"
url_api = "https://api.github.com/repos/astral-sh/uv/releases/assets/492592538"
provenance = "github-attestations"

[tools.uv."platforms.macos-arm64"]
checksum = "sha256:d75e3d2bfc203d17388edaabd3aa37958edbcbfc36219e3ee0d31bb080b4baa2"
url = "https://github.com/astral-sh/uv/releases/download/0.11.33/uv-aarch64-apple-darwin.tar.gz"
url_api = "https://api.github.com/repos/astral-sh/uv/releases/assets/492592443"
provenance = "github-attestations"
