# @generated - this file is auto-generated by `mise lock` https://mise.jdx.dev/dev-tools/mise-lock.html

[[tools.node]]
version = "24.18.0"
backend = "core:node"

[tools.node."platforms.linux-x64"]
checksum = "sha256:783130984963db7ba9cbd01089eaf2c2efb055c7c1693c943174b967b3050cb8"
url = "https://nodejs.org/dist/v24.18.0/node-v24.18.0-linux-x64.tar.gz"

[tools.node."platforms.macos-arm64"]
checksum = "sha256:e1a97e14c99c803e96c7339403282ea05a499c32f8d83defe9ef5ec66f979ed1"
url = "https://nodejs.org/dist/v24.18.0/node-v24.18.0-darwin-arm64.tar.gz"

[[tools.pandoc]]
version = "3.10"
backend = "github:jgm/pandoc"

[tools.pandoc."platforms.linux-x64"]
checksum = "sha256:e0f8af62d0f267d22baa5bcefe6d5dda3a097ccc60de794b759fe03159923244"
url = "https://github.com/jgm/pandoc/releases/download/3.10/pandoc-3.10-linux-amd64.tar.gz"
url_api = "https://api.github.com/repos/jgm/pandoc/releases/assets/438406829"
provenance = "github-attestations"

[tools.pandoc."platforms.macos-arm64"]
checksum = "sha256:d9cad01d96ae774a0dc8c8c45bb1ad3e4c5ff2cc2e24f45958f5f9b7974aee34"
url = "https://github.com/jgm/pandoc/releases/download/3.10/pandoc-3.10-arm64-macOS.zip"
url_api = "https://api.github.com/repos/jgm/pandoc/releases/assets/438404702"
provenance = "github-attestations"

[[tools.python]]
version = "3.13.14"
backend = "core:python"

[tools.python."platforms.linux-x64"]
checksum = "sha256:571a710c62520b26dbadbd16e8850e24565c01dea94440223bc16caa21614021"
url = "https://github.com/astral-sh/python-build-standalone/releases/download/20260718/cpython-3.13.14+20260718-x86_64-unknown-linux-gnu-install_only_stripped.tar.gz"
provenance = "github-attestations"

[tools.python."platforms.macos-arm64"]
checksum = "sha256:06469835e1b0f73bcdb6c498a1d60ce579cc43a980754490a6f1e30062f43850"
url = "https://github.com/astral-sh/python-build-standalone/releases/download/20260718/cpython-3.13.14+20260718-aarch64-apple-darwin-install_only_stripped.tar.gz"
provenance = "github-attestations"

[[tools.typst]]
version = "0.15.0"
backend = "aqua:typst/typst"

[tools.typst."platforms.linux-x64"]
checksum = "sha256:59b207df01be2dab9f13e80f73d04d7ff8273ffd46b3dd1b9eef5c60f3eeabea"
url = "https://github.com/typst/typst/releases/download/v0.15.0/typst-x86_64-unknown-linux-musl.tar.xz"
url_api = "https://api.github.com/repos/typst/typst/releases/assets/448379958"

[tools.typst."platforms.macos-arm64"]
checksum = "sha256:fe53838737abf93a774495952a1a797b4686e9c4a21c2d99b9fdf77f46cc3572"
url = "https://github.com/typst/typst/releases/download/v0.15.0/typst-aarch64-apple-darwin.tar.xz"
url_api = "https://api.github.com/repos/typst/typst/releases/assets/448379808"

[[tools.uv]]
version = "0.11.28"
backend = "aqua:astral-sh/uv"

[tools.uv."platforms.linux-x64"]
checksum = "sha256:f02146b371c35c287d860f003ece7345c86e358a3fd70a9b63700cd141ee7fb4"
url = "https://github.com/astral-sh/uv/releases/download/0.11.28/uv-x86_64-unknown-linux-musl.tar.gz"
url_api = "https://api.github.com/repos/astral-sh/uv/releases/assets/469655835"
provenance = "github-attestations"

[tools.uv."platforms.macos-arm64"]
checksum = "sha256:33540eb7c883ab857eff79bd5ac2aa31fe27b595abecb4a9c003a2c998447232"
url = "https://github.com/astral-sh/uv/releases/download/0.11.28/uv-aarch64-apple-darwin.tar.gz"
url_api = "https://api.github.com/repos/astral-sh/uv/releases/assets/469655699"
provenance = "github-attestations"
